
Microsoft Visual Studio Solution File, Format Version 12.00
# Visual Studio Version 16
VisualStudioVersion = 16.0.30413.136
MinimumVisualStudioVersion = 10.0.40219.1
Project("{2150E333-8FDC-42A3-9474-1A3956D46DE8}") = "Src", "Src", "{21285231-26F2-4FF3-8427-ED536D0EB602}"
EndProject
Project("{9A19103F-16F7-4668-BE54-9A1E7A4F7556}") = "Kaneko.Dapper", "Src\Kaneko.Dapper\Kaneko.Dapper.csproj", "{BFEE2AD9-8123-4DB2-AD66-7A96FDB7C019}"
EndProject
Project("{9A19103F-16F7-4668-BE54-9A1E7A4F7556}") = "Kaneko.Hosts", "Src\Kaneko.Hosts\Kaneko.Hosts.csproj", "{3375A885-0F6D-4044-B296-4BB8DA763F59}"
EndProject
Project("{9A19103F-16F7-4668-BE54-9A1E7A4F7556}") = "Kaneko.Core", "Src\Kaneko.Core\Kaneko.Core.csproj", "{FF5F4AC6-5ADE-4C5E-AB2F-DA7372AF8474}"
EndProject
Project("{2150E333-8FDC-42A3-9474-1A3956D46DE8}") = "Samples", "Samples", "{B5247ECD-D532-41A8-A92C-C7702B750DED}"
EndProject
Project("{9A19103F-16F7-4668-BE54-9A1E7A4F7556}") = "Kaneko.OcelotGateway", "Samples\Kaneko.OcelotGateway\Kaneko.OcelotGateway.csproj", "{9971E112-9B15-4682-A30D-63DEFB26FBAA}"
EndProject
Project("{9A19103F-16F7-4668-BE54-9A1E7A4F7556}") = "Kaneko.IdentityCenter", "Samples\Kaneko.IdentityCenter\Kaneko.IdentityCenter.csproj", "{132F3D8D-8A53-4387-9472-D718D7BE30F6}"
EndProject
Project("{9A19103F-16F7-4668-BE54-9A1E7A4F7556}") = "Kaneko.Server", "Src\Kaneko.Server\Kaneko.Server.csproj", "{AB96F6C6-25AB-4E94-8743-4A509F1A027E}"
EndProject
Project("{9A19103F-16F7-4668-BE54-9A1E7A4F7556}") = "Kaneko.Consul", "Src\Kaneko.Consul\Kaneko.Consul.csproj", "{FE418AB9-66D9-4566-BC8A-07400C14B981}"
EndProject
Project("{2150E333-8FDC-42A3-9474-1A3956D46DE8}") = "Service2", "Service2", "{39EF0D96-7AF9-4661-B66F-74B66FE28F79}"
EndProject
Project("{9A19103F-16F7-4668-BE54-9A1E7A4F7556}") = "YTSoft.CC.Hosts", "Samples\Service2\YTSoft.CC.Hosts\YTSoft.CC.Hosts.csproj", "{22BFE2EF-678F-4C83-890E-56F6F3810AA6}"
EndProject
Project("{9A19103F-16F7-4668-BE54-9A1E7A4F7556}") = "YTSoft.CC.Grains", "Samples\Service2\YTSoft.CC.Grains\YTSoft.CC.Grains.csproj", "{A2073549-84BE-4CAA-9560-1AD6790C0399}"
EndProject
Project("{9A19103F-16F7-4668-BE54-9A1E7A4F7556}") = "YTSoft.CC.IGrains", "Samples\Service2\YTSoft.CC.IGrains\YTSoft.CC.IGrains.csproj", "{1843095A-B417-4B39-927D-421B9C9B9190}"
EndProject
Project("{9A19103F-16F7-4668-BE54-9A1E7A4F7556}") = "TestDemo", "Samples\Service2\TestDemo\TestDemo.csproj", "{5F0B9321-0F22-4DD8-837F-7CEC969062B4}"
EndProject
Project("{9A19103F-16F7-4668-BE54-9A1E7A4F7556}") = "SkyWalkingDemo2", "Samples\Service2\SkyWalkingDemo2\SkyWalkingDemo2.csproj", "{CD1B52CF-7D15-454E-BD08-4FC7FAB35F6D}"
EndProject
Project("{2150E333-8FDC-42A3-9474-1A3956D46DE8}") = "YTSoft", "YTSoft", "{7D630783-6FE2-47F0-8A12-38A36D36FA09}"
EndProject
Project("{2150E333-8FDC-42A3-9474-1A3956D46DE8}") = "BasicData", "BasicData", "{092F8EB6-4FB5-481E-A0A7-CDC1F4AD8BFD}"
EndProject
Project("{2150E333-8FDC-42A3-9474-1A3956D46DE8}") = "CommercialConcrete", "CommercialConcrete", "{22CFB1C0-791C-4212-8427-18F37BCB23FA}"
EndProject
Project("{9A19103F-16F7-4668-BE54-9A1E7A4F7556}") = "YTSoft.BasicData.Grains", "Samples\YTSoft\BasicData\YTSoft.BasicData.Grains\YTSoft.BasicData.Grains.csproj", "{EEF67261-0556-4B2B-AC4E-B27176E1D92C}"
EndProject
Project("{9A19103F-16F7-4668-BE54-9A1E7A4F7556}") = "YTSoft.BasicData.Hosts", "Samples\YTSoft\BasicData\YTSoft.BasicData.Hosts\YTSoft.BasicData.Hosts.csproj", "{354B50EB-87DF-4960-89CE-57E7DB03029C}"
EndProject
Project("{9A19103F-16F7-4668-BE54-9A1E7A4F7556}") = "YTSoft.BasicData.IGrains", "Samples\YTSoft\BasicData\YTSoft.BasicData.IGrains\YTSoft.BasicData.IGrains.csproj", "{31452D36-84F7-45F0-AFAF-B670598CF12A}"
EndProject
Project("{9A19103F-16F7-4668-BE54-9A1E7A4F7556}") = "YTSoft.CC.Grains", "Samples\YTSoft\CommercialConcrete\YTSoft.CC.Grains\YTSoft.CC.Grains.csproj", "{2745A29A-7422-43F4-B176-B564DB0F23A4}"
EndProject
Project("{9A19103F-16F7-4668-BE54-9A1E7A4F7556}") = "YTSoft.CC.Hosts", "Samples\YTSoft\CommercialConcrete\YTSoft.CC.Hosts\YTSoft.CC.Hosts.csproj", "{57941C4D-B63F-472E-AFAE-D0609F55E219}"
EndProject
Project("{9A19103F-16F7-4668-BE54-9A1E7A4F7556}") = "YTSoft.CC.IGrains", "Samples\YTSoft\CommercialConcrete\YTSoft.CC.IGrains\YTSoft.CC.IGrains.csproj", "{90176F5E-0631-4679-ADFD-BB7F18D11C82}"
EndProject
Project("{2150E333-8FDC-42A3-9474-1A3956D46DE8}") = "Common", "Common", "{1BFB55B7-0451-4DA8-B34E-D5F31B3D0E11}"
EndProject
Project("{9A19103F-16F7-4668-BE54-9A1E7A4F7556}") = "TYSoft.Common.Model", "Samples\YTSoft\Common\TYSoft.Common.Model\TYSoft.Common.Model.csproj", "{C924C9CB-08BD-424E-99A4-2BE46A399996}"
EndProject
Global
	GlobalSection(SolutionConfigurationPlatforms) = preSolution
		Debug|Any CPU = Debug|Any CPU
		Release|Any CPU = Release|Any CPU
	EndGlobalSection
	GlobalSection(ProjectConfigurationPlatforms) = postSolution
		{BFEE2AD9-8123-4DB2-AD66-7A96FDB7C019}.Debug|Any CPU.ActiveCfg = Debug|Any CPU
		{BFEE2AD9-8123-4DB2-AD66-7A96FDB7C019}.Debug|Any CPU.Build.0 = Debug|Any CPU
		{BFEE2AD9-8123-4DB2-AD66-7A96FDB7C019}.Release|Any CPU.ActiveCfg = Release|Any CPU
		{BFEE2AD9-8123-4DB2-AD66-7A96FDB7C019}.Release|Any CPU.Build.0 = Release|Any CPU
		{3375A885-0F6D-4044-B296-4BB8DA763F59}.Debug|Any CPU.ActiveCfg = Debug|Any CPU
		{3375A885-0F6D-4044-B296-4BB8DA763F59}.Debug|Any CPU.Build.0 = Debug|Any CPU
		{3375A885-0F6D-4044-B296-4BB8DA763F59}.Release|Any CPU.ActiveCfg = Release|Any CPU
		{3375A885-0F6D-4044-B296-4BB8DA763F59}.Release|Any CPU.Build.0 = Release|Any CPU
		{FF5F4AC6-5ADE-4C5E-AB2F-DA7372AF8474}.Debug|Any CPU.ActiveCfg = Debug|Any CPU
		{FF5F4AC6-5ADE-4C5E-AB2F-DA7372AF8474}.Debug|Any CPU.Build.0 = Debug|Any CPU
		{FF5F4AC6-5ADE-4C5E-AB2F-DA7372AF8474}.Release|Any CPU.ActiveCfg = Release|Any CPU
		{FF5F4AC6-5ADE-4C5E-AB2F-DA7372AF8474}.Release|Any CPU.Build.0 = Release|Any CPU
		{9971E112-9B15-4682-A30D-63DEFB26FBAA}.Debug|Any CPU.ActiveCfg = Debug|Any CPU
		{9971E112-9B15-4682-A30D-63DEFB26FBAA}.Debug|Any CPU.Build.0 = Debug|Any CPU
		{9971E112-9B15-4682-A30D-63DEFB26FBAA}.Release|Any CPU.ActiveCfg = Release|Any CPU
		{9971E112-9B15-4682-A30D-63DEFB26FBAA}.Release|Any CPU.Build.0 = Release|Any CPU
		{132F3D8D-8A53-4387-9472-D718D7BE30F6}.Debug|Any CPU.ActiveCfg = Debug|Any CPU
		{132F3D8D-8A53-4387-9472-D718D7BE30F6}.Debug|Any CPU.Build.0 = Debug|Any CPU
		{132F3D8D-8A53-4387-9472-D718D7BE30F6}.Release|Any CPU.ActiveCfg = Release|Any CPU
		{132F3D8D-8A53-4387-9472-D718D7BE30F6}.Release|Any CPU.Build.0 = Release|Any CPU
		{AB96F6C6-25AB-4E94-8743-4A509F1A027E}.Debug|Any CPU.ActiveCfg = Debug|Any CPU
		{AB96F6C6-25AB-4E94-8743-4A509F1A027E}.Debug|Any CPU.Build.0 = Debug|Any CPU
		{AB96F6C6-25AB-4E94-8743-4A509F1A027E}.Release|Any CPU.ActiveCfg = Release|Any CPU
		{AB96F6C6-25AB-4E94-8743-4A509F1A027E}.Release|Any CPU.Build.0 = Release|Any CPU
		{FE418AB9-66D9-4566-BC8A-07400C14B981}.Debug|Any CPU.ActiveCfg = Debug|Any CPU
		{FE418AB9-66D9-4566-BC8A-07400C14B981}.Debug|Any CPU.Build.0 = Debug|Any CPU
		{FE418AB9-66D9-4566-BC8A-07400C14B981}.Release|Any CPU.ActiveCfg = Release|Any CPU
		{FE418AB9-66D9-4566-BC8A-07400C14B981}.Release|Any CPU.Build.0 = Release|Any CPU
		{22BFE2EF-678F-4C83-890E-56F6F3810AA6}.Debug|Any CPU.ActiveCfg = Debug|Any CPU
		{22BFE2EF-678F-4C83-890E-56F6F3810AA6}.Debug|Any CPU.Build.0 = Debug|Any CPU
		{22BFE2EF-678F-4C83-890E-56F6F3810AA6}.Release|Any CPU.ActiveCfg = Release|Any CPU
		{22BFE2EF-678F-4C83-890E-56F6F3810AA6}.Release|Any CPU.Build.0 = Release|Any CPU
		{A2073549-84BE-4CAA-9560-1AD6790C0399}.Debug|Any CPU.ActiveCfg = Debug|Any CPU
		{A2073549-84BE-4CAA-9560-1AD6790C0399}.Debug|Any CPU.Build.0 = Debug|Any CPU
		{A2073549-84BE-4CAA-9560-1AD6790C0399}.Release|Any CPU.ActiveCfg = Release|Any CPU
		{A2073549-84BE-4CAA-9560-1AD6790C0399}.Release|Any CPU.Build.0 = Release|Any CPU
		{1843095A-B417-4B39-927D-421B9C9B9190}.Debug|Any CPU.ActiveCfg = Debug|Any CPU
		{1843095A-B417-4B39-927D-421B9C9B9190}.Debug|Any CPU.Build.0 = Debug|Any CPU
		{1843095A-B417-4B39-927D-421B9C9B9190}.Release|Any CPU.ActiveCfg = Release|Any CPU
		{1843095A-B417-4B39-927D-421B9C9B9190}.Release|Any CPU.Build.0 = Release|Any CPU
		{5F0B9321-0F22-4DD8-837F-7CEC969062B4}.Debug|Any CPU.ActiveCfg = Debug|Any CPU
		{5F0B9321-0F22-4DD8-837F-7CEC969062B4}.Debug|Any CPU.Build.0 = Debug|Any CPU
		{5F0B9321-0F22-4DD8-837F-7CEC969062B4}.Release|Any CPU.ActiveCfg = Release|Any CPU
		{5F0B9321-0F22-4DD8-837F-7CEC969062B4}.Release|Any CPU.Build.0 = Release|Any CPU
		{CD1B52CF-7D15-454E-BD08-4FC7FAB35F6D}.Debug|Any CPU.ActiveCfg = Debug|Any CPU
		{CD1B52CF-7D15-454E-BD08-4FC7FAB35F6D}.Debug|Any CPU.Build.0 = Debug|Any CPU
		{CD1B52CF-7D15-454E-BD08-4FC7FAB35F6D}.Release|Any CPU.ActiveCfg = Release|Any CPU
		{CD1B52CF-7D15-454E-BD08-4FC7FAB35F6D}.Release|Any CPU.Build.0 = Release|Any CPU
		{EEF67261-0556-4B2B-AC4E-B27176E1D92C}.Debug|Any CPU.ActiveCfg = Debug|Any CPU
		{EEF67261-0556-4B2B-AC4E-B27176E1D92C}.Debug|Any CPU.Build.0 = Debug|Any CPU
		{EEF67261-0556-4B2B-AC4E-B27176E1D92C}.Release|Any CPU.ActiveCfg = Release|Any CPU
		{EEF67261-0556-4B2B-AC4E-B27176E1D92C}.Release|Any CPU.Build.0 = Release|Any CPU
		{354B50EB-87DF-4960-89CE-57E7DB03029C}.Debug|Any CPU.ActiveCfg = Debug|Any CPU
		{354B50EB-87DF-4960-89CE-57E7DB03029C}.Debug|Any CPU.Build.0 = Debug|Any CPU
		{354B50EB-87DF-4960-89CE-57E7DB03029C}.Release|Any CPU.ActiveCfg = Release|Any CPU
		{354B50EB-87DF-4960-89CE-57E7DB03029C}.Release|Any CPU.Build.0 = Release|Any CPU
		{31452D36-84F7-45F0-AFAF-B670598CF12A}.Debug|Any CPU.ActiveCfg = Debug|Any CPU
		{31452D36-84F7-45F0-AFAF-B670598CF12A}.Debug|Any CPU.Build.0 = Debug|Any CPU
		{31452D36-84F7-45F0-AFAF-B670598CF12A}.Release|Any CPU.ActiveCfg = Release|Any CPU
		{31452D36-84F7-45F0-AFAF-B670598CF12A}.Release|Any CPU.Build.0 = Release|Any CPU
		{2745A29A-7422-43F4-B176-B564DB0F23A4}.Debug|Any CPU.ActiveCfg = Debug|Any CPU
		{2745A29A-7422-43F4-B176-B564DB0F23A4}.Debug|Any CPU.Build.0 = Debug|Any CPU
		{2745A29A-7422-43F4-B176-B564DB0F23A4}.Release|Any CPU.ActiveCfg = Release|Any CPU
		{2745A29A-7422-43F4-B176-B564DB0F23A4}.Release|Any CPU.Build.0 = Release|Any CPU
		{57941C4D-B63F-472E-AFAE-D0609F55E219}.Debug|Any CPU.ActiveCfg = Debug|Any CPU
		{57941C4D-B63F-472E-AFAE-D0609F55E219}.Debug|Any CPU.Build.0 = Debug|Any CPU
		{57941C4D-B63F-472E-AFAE-D0609F55E219}.Release|Any CPU.ActiveCfg = Release|Any CPU
		{57941C4D-B63F-472E-AFAE-D0609F55E219}.Release|Any CPU.Build.0 = Release|Any CPU
		{90176F5E-0631-4679-ADFD-BB7F18D11C82}.Debug|Any CPU.ActiveCfg = Debug|Any CPU
		{90176F5E-0631-4679-ADFD-BB7F18D11C82}.Debug|Any CPU.Build.0 = Debug|Any CPU
		{90176F5E-0631-4679-ADFD-BB7F18D11C82}.Release|Any CPU.ActiveCfg = Release|Any CPU
		{90176F5E-0631-4679-ADFD-BB7F18D11C82}.Release|Any CPU.Build.0 = Release|Any CPU
		{C924C9CB-08BD-424E-99A4-2BE46A399996}.Debug|Any CPU.ActiveCfg = Debug|Any CPU
		{C924C9CB-08BD-424E-99A4-2BE46A399996}.Debug|Any CPU.Build.0 = Debug|Any CPU
		{C924C9CB-08BD-424E-99A4-2BE46A399996}.Release|Any CPU.ActiveCfg = Release|Any CPU
		{C924C9CB-08BD-424E-99A4-2BE46A399996}.Release|Any CPU.Build.0 = Release|Any CPU
	EndGlobalSection
	GlobalSection(SolutionProperties) = preSolution
		HideSolutionNode = FALSE
	EndGlobalSection
	GlobalSection(NestedProjects) = preSolution
		{BFEE2AD9-8123-4DB2-AD66-7A96FDB7C019} = {21285231-26F2-4FF3-8427-ED536D0EB602}
		{3375A885-0F6D-4044-B296-4BB8DA763F59} = {21285231-26F2-4FF3-8427-ED536D0EB602}
		{FF5F4AC6-5ADE-4C5E-AB2F-DA7372AF8474} = {21285231-26F2-4FF3-8427-ED536D0EB602}
		{9971E112-9B15-4682-A30D-63DEFB26FBAA} = {B5247ECD-D532-41A8-A92C-C7702B750DED}
		{132F3D8D-8A53-4387-9472-D718D7BE30F6} = {B5247ECD-D532-41A8-A92C-C7702B750DED}
		{AB96F6C6-25AB-4E94-8743-4A509F1A027E} = {21285231-26F2-4FF3-8427-ED536D0EB602}
		{FE418AB9-66D9-4566-BC8A-07400C14B981} = {21285231-26F2-4FF3-8427-ED536D0EB602}
		{39EF0D96-7AF9-4661-B66F-74B66FE28F79} = {B5247ECD-D532-41A8-A92C-C7702B750DED}
		{22BFE2EF-678F-4C83-890E-56F6F3810AA6} = {39EF0D96-7AF9-4661-B66F-74B66FE28F79}
		{A2073549-84BE-4CAA-9560-1AD6790C0399} = {39EF0D96-7AF9-4661-B66F-74B66FE28F79}
		{1843095A-B417-4B39-927D-421B9C9B9190} = {39EF0D96-7AF9-4661-B66F-74B66FE28F79}
		{5F0B9321-0F22-4DD8-837F-7CEC969062B4} = {B5247ECD-D532-41A8-A92C-C7702B750DED}
		{CD1B52CF-7D15-454E-BD08-4FC7FAB35F6D} = {39EF0D96-7AF9-4661-B66F-74B66FE28F79}
		{7D630783-6FE2-47F0-8A12-38A36D36FA09} = {B5247ECD-D532-41A8-A92C-C7702B750DED}
		{092F8EB6-4FB5-481E-A0A7-CDC1F4AD8BFD} = {7D630783-6FE2-47F0-8A12-38A36D36FA09}
		{22CFB1C0-791C-4212-8427-18F37BCB23FA} = {7D630783-6FE2-47F0-8A12-38A36D36FA09}
		{EEF67261-0556-4B2B-AC4E-B27176E1D92C} = {092F8EB6-4FB5-481E-A0A7-CDC1F4AD8BFD}
		{354B50EB-87DF-4960-89CE-57E7DB03029C} = {092F8EB6-4FB5-481E-A0A7-CDC1F4AD8BFD}
		{31452D36-84F7-45F0-AFAF-B670598CF12A} = {092F8EB6-4FB5-481E-A0A7-CDC1F4AD8BFD}
		{2745A29A-7422-43F4-B176-B564DB0F23A4} = {22CFB1C0-791C-4212-8427-18F37BCB23FA}
		{57941C4D-B63F-472E-AFAE-D0609F55E219} = {22CFB1C0-791C-4212-8427-18F37BCB23FA}
		{90176F5E-0631-4679-ADFD-BB7F18D11C82} = {22CFB1C0-791C-4212-8427-18F37BCB23FA}
		{1BFB55B7-0451-4DA8-B34E-D5F31B3D0E11} = {7D630783-6FE2-47F0-8A12-38A36D36FA09}
		{C924C9CB-08BD-424E-99A4-2BE46A399996} = {1BFB55B7-0451-4DA8-B34E-D5F31B3D0E11}
	EndGlobalSection
	GlobalSection(ExtensibilityGlobals) = postSolution
		SolutionGuid = {5F7C6488-1601-4F13-A0B4-1D4DE6AFCC50}
	EndGlobalSection
EndGlobal
